// !$*UTF8*$!
{
	archiveVersion = 1;
	classes = {
	};
	objectVersion = 56;
	objects = {

/* Begin PBXBuildFile section */
		617596CC2B785EC100D8B5B0 /* PokemonData+CoreDataClass.swift in Sources */ = {isa = PBXBuildFile; fileRef = 617596CA2B785EC100D8B5B0 /* PokemonData+CoreDataClass.swift */; };
		617596CD2B785EC100D8B5B0 /* PokemonData+CoreDataProperties.swift in Sources */ = {isa = PBXBuildFile; fileRef = 617596CB2B785EC100D8B5B0 /* PokemonData+CoreDataProperties.swift */; };
		618379412A624B5200163211 /* AppDelegate.swift in Sources */ = {isa = PBXBuildFile; fileRef = 618379402A624B5200163211 /* AppDelegate.swift */; };
		618379432A624B5200163211 /* SceneDelegate.swift in Sources */ = {isa = PBXBuildFile; fileRef = 618379422A624B5200163211 /* SceneDelegate.swift */; };
		6183794A2A624B5300163211 /* Images.xcassets in Resources */ = {isa = PBXBuildFile; fileRef = 618379492A624B5300163211 /* Images.xcassets */; };
		6183795B2A624CCF00163211 /* ScreenPokemon.storyboard in Resources */ = {isa = PBXBuildFile; fileRef = 6183795A2A624CCF00163211 /* ScreenPokemon.storyboard */; };
		6183795D2A624E0400163211 /* HomePokemon.storyboard in Resources */ = {isa = PBXBuildFile; fileRef = 6183795C2A624E0400163211 /* HomePokemon.storyboard */; };
		618379612A624E2700163211 /* ListPokemons.storyboard in Resources */ = {isa = PBXBuildFile; fileRef = 618379602A624E2700163211 /* ListPokemons.storyboard */; };
		618379632A624E4500163211 /* ListPokemonViewController.swift in Sources */ = {isa = PBXBuildFile; fileRef = 618379622A624E4500163211 /* ListPokemonViewController.swift */; };
		618379652A624EA400163211 /* HomePokemonViewController.swift in Sources */ = {isa = PBXBuildFile; fileRef = 618379642A624EA400163211 /* HomePokemonViewController.swift */; };
		618379682A6259C400163211 /* HomePokemonProtocol.swift in Sources */ = {isa = PBXBuildFile; fileRef = 618379672A6259C400163211 /* HomePokemonProtocol.swift */; };
		6183796A2A6259D100163211 /* HomePokemonPresenter.swift in Sources */ = {isa = PBXBuildFile; fileRef = 618379692A6259D100163211 /* HomePokemonPresenter.swift */; };
		6183796C2A6259DE00163211 /* HomePokemonRouter.swift in Sources */ = {isa = PBXBuildFile; fileRef = 6183796B2A6259DE00163211 /* HomePokemonRouter.swift */; };
		618379702A62757900163211 /* PokemonProvider.swift in Sources */ = {isa = PBXBuildFile; fileRef = 6183796F2A62757900163211 /* PokemonProvider.swift */; };
		618379722A627AF100163211 /* DataSourceManager.swift in Sources */ = {isa = PBXBuildFile; fileRef = 618379712A627AF100163211 /* DataSourceManager.swift */; };
		61D115142B709E0400F417BC /* DetailPokemonViewController.swift in Sources */ = {isa = PBXBuildFile; fileRef = 61D115132B709E0400F417BC /* DetailPokemonViewController.swift */; };
		61D115162B70ACD400F417BC /* PokemonRepository.swift in Sources */ = {isa = PBXBuildFile; fileRef = 61D115152B70ACD400F417BC /* PokemonRepository.swift */; };
		61D115182B70AE5C00F417BC /* PokemonEntity.swift in Sources */ = {isa = PBXBuildFile; fileRef = 61D115172B70AE5C00F417BC /* PokemonEntity.swift */; };
		61D1151A2B70B8BB00F417BC /* Extensions.swift in Sources */ = {isa = PBXBuildFile; fileRef = 61D115192B70B8BB00F417BC /* Extensions.swift */; };
		61F84F802B71D38100BDBA41 /* ListPokemonView.swift in Sources */ = {isa = PBXBuildFile; fileRef = 61F84F7F2B71D38100BDBA41 /* ListPokemonView.swift */; };
		61F84F822B71D39700BDBA41 /* ListPokemonViewModel.swift in Sources */ = {isa = PBXBuildFile; fileRef = 61F84F812B71D39700BDBA41 /* ListPokemonViewModel.swift */; };
		61F84F842B71D75F00BDBA41 /* ListPokemonModel.swift in Sources */ = {isa = PBXBuildFile; fileRef = 61F84F832B71D75F00BDBA41 /* ListPokemonModel.swift */; };
		61F84F872B731C8500BDBA41 /* PokemonModel.xcdatamodeld in Sources */ = {isa = PBXBuildFile; fileRef = 61F84F852B731C8500BDBA41 /* PokemonModel.xcdatamodeld */; };
		61F84F8A2B731D3B00BDBA41 /* CoreDataStack.swift in Sources */ = {isa = PBXBuildFile; fileRef = 61F84F892B731D3B00BDBA41 /* CoreDataStack.swift */; };
/* End PBXBuildFile section */

/* Begin PBXFileReference section */
		617596CA2B785EC100D8B5B0 /* PokemonData+CoreDataClass.swift */ = {isa = PBXFileReference; lastKnownFileType = sourcecode.swift; path = "PokemonData+CoreDataClass.swift"; sourceTree = "<group>"; };
		617596CB2B785EC100D8B5B0 /* PokemonData+CoreDataProperties.swift */ = {isa = PBXFileReference; lastKnownFileType = sourcecode.swift; path = "PokemonData+CoreDataProperties.swift"; sourceTree = "<group>"; };
		6183793D2A624B5200163211 /* pokemon.app */ = {isa = PBXFileReference; explicitFileType = wrapper.application; includeInIndex = 0; path = pokemon.app; sourceTree = BUILT_PRODUCTS_DIR; };
		618379402A624B5200163211 /* AppDelegate.swift */ = {isa = PBXFileReference; lastKnownFileType = sourcecode.swift; path = AppDelegate.swift; sourceTree = "<group>"; };
		618379422A624B5200163211 /* SceneDelegate.swift */ = {isa = PBXFileReference; lastKnownFileType = sourcecode.swift; path = SceneDelegate.swift; sourceTree = "<group>"; };
		618379492A624B5300163211 /* Images.xcassets */ = {isa = PBXFileReference; lastKnownFileType = folder.assetcatalog; path = Images.xcassets; sourceTree = "<group>"; };
		6183794E2A624B5300163211 /* Info.plist */ = {isa = PBXFileReference; lastKnownFileType = text.plist.xml; path = Info.plist; sourceTree = "<group>"; };
		6183795A2A624CCF00163211 /* ScreenPokemon.storyboard */ = {isa = PBXFileReference; lastKnownFileType = file.storyboard; path = ScreenPokemon.storyboard; sourceTree = "<group>"; };
		6183795C2A624E0400163211 /* HomePokemon.storyboard */ = {isa = PBXFileReference; lastKnownFileType = file.storyboard; path = HomePokemon.storyboard; sourceTree = "<group>"; };
		618379602A624E2700163211 /* ListPokemons.storyboard */ = {isa = PBXFileReference; lastKnownFileType = file.storyboard; path = ListPokemons.storyboard; sourceTree = "<group>"; };
		618379622A624E4500163211 /* ListPokemonViewController.swift */ = {isa = PBXFileReference; lastKnownFileType = sourcecode.swift; path = ListPokemonViewController.swift; sourceTree = "<group>"; };
		618379642A624EA400163211 /* HomePokemonViewController.swift */ = {isa = PBXFileReference; lastKnownFileType = sourcecode.swift; path = HomePokemonViewController.swift; sourceTree = "<group>"; };
		618379672A6259C400163211 /* HomePokemonProtocol.swift */ = {isa = PBXFileReference; lastKnownFileType = sourcecode.swift; path = HomePokemonProtocol.swift; sourceTree = "<group>"; };
		618379692A6259D100163211 /* HomePokemonPresenter.swift */ = {isa = PBXFileReference; lastKnownFileType = sourcecode.swift; path = HomePokemonPresenter.swift; sourceTree = "<group>"; };
		6183796B2A6259DE00163211 /* HomePokemonRouter.swift */ = {isa = PBXFileReference; lastKnownFileType = sourcecode.swift; path = HomePokemonRouter.swift; sourceTree = "<group>"; };
		6183796F2A62757900163211 /* PokemonProvider.swift */ = {isa = PBXFileReference; lastKnownFileType = sourcecode.swift; path = PokemonProvider.swift; sourceTree = "<group>"; };
		618379712A627AF100163211 /* DataSourceManager.swift */ = {isa = PBXFileReference; lastKnownFileType = sourcecode.swift; path = DataSourceManager.swift; sourceTree = "<group>"; };
		61D115132B709E0400F417BC /* DetailPokemonViewController.swift */ = {isa = PBXFileReference; lastKnownFileType = sourcecode.swift; path = DetailPokemonViewController.swift; sourceTree = "<group>"; };
		61D115152B70ACD400F417BC /* PokemonRepository.swift */ = {isa = PBXFileReference; lastKnownFileType = sourcecode.swift; path = PokemonRepository.swift; sourceTree = "<group>"; };
		61D115172B70AE5C00F417BC /* PokemonEntity.swift */ = {isa = PBXFileReference; lastKnownFileType = sourcecode.swift; path = PokemonEntity.swift; sourceTree = "<group>"; };
		61D115192B70B8BB00F417BC /* Extensions.swift */ = {isa = PBXFileReference; lastKnownFileType = sourcecode.swift; path = Extensions.swift; sourceTree = "<group>"; };
		61F84F7F2B71D38100BDBA41 /* ListPokemonView.swift */ = {isa = PBXFileReference; lastKnownFileType = sourcecode.swift; path = ListPokemonView.swift; sourceTree = "<group>"; usesTabs = 0; };
		61F84F812B71D39700BDBA41 /* ListPokemonViewModel.swift */ = {isa = PBXFileReference; lastKnownFileType = sourcecode.swift; path = ListPokemonViewModel.swift; sourceTree = "<group>"; };
		61F84F832B71D75F00BDBA41 /* ListPokemonModel.swift */ = {isa = PBXFileReference; lastKnownFileType = sourcecode.swift; path = ListPokemonModel.swift; sourceTree = "<group>"; };
		61F84F862B731C8500BDBA41 /* PokemonModel.xcdatamodel */ = {isa = PBXFileReference; lastKnownFileType = wrapper.xcdatamodel; path = PokemonModel.xcdatamodel; sourceTree = "<group>"; };
		61F84F892B731D3B00BDBA41 /* CoreDataStack.swift */ = {isa = PBXFileReference; lastKnownFileType = sourcecode.swift; path = CoreDataStack.swift; sourceTree = "<group>"; };
/* End PBXFileReference section */

/* Begin PBXFrameworksBuildPhase section */
		6183793A2A624B5200163211 /* Frameworks */ = {
			isa = PBXFrameworksBuildPhase;
			buildActionMask = 2147483647;
			files = (
			);
			runOnlyForDeploymentPostprocessing = 0;
		};
/* End PBXFrameworksBuildPhase section */

/* Begin PBXGroup section */
		618379342A624B5200163211 = {
			isa = PBXGroup;
			children = (
				617596CA2B785EC100D8B5B0 /* PokemonData+CoreDataClass.swift */,
				617596CB2B785EC100D8B5B0 /* PokemonData+CoreDataProperties.swift */,
				6183793F2A624B5200163211 /* pokemon */,
				6183793E2A624B5200163211 /* Products */,
			);
			sourceTree = "<group>";
		};
		6183793E2A624B5200163211 /* Products */ = {
			isa = PBXGroup;
			children = (
				6183793D2A624B5200163211 /* pokemon.app */,
			);
			name = Products;
			sourceTree = "<group>";
		};
		6183793F2A624B5200163211 /* pokemon */ = {
			isa = PBXGroup;
			children = (
				61F84F882B731D2200BDBA41 /* CoreData */,
				61F84F852B731C8500BDBA41 /* PokemonModel.xcdatamodeld */,
				618379572A624C7900163211 /* Modules */,
				618379562A624C6F00163211 /* Model */,
				618379552A624C6400163211 /* General */,
				618379402A624B5200163211 /* AppDelegate.swift */,
				618379422A624B5200163211 /* SceneDelegate.swift */,
				618379542A624C5600163211 /* PokemonViews */,
				618379492A624B5300163211 /* Images.xcassets */,
				6183794E2A624B5300163211 /* Info.plist */,
			);
			path = pokemon;
			sourceTree = "<group>";
		};
		618379542A624C5600163211 /* PokemonViews */ = {
			isa = PBXGroup;
			children = (
				6183795A2A624CCF00163211 /* ScreenPokemon.storyboard */,
				6183795C2A624E0400163211 /* HomePokemon.storyboard */,
				618379602A624E2700163211 /* ListPokemons.storyboard */,
			);
			name = PokemonViews;
			sourceTree = "<group>";
		};
		618379552A624C6400163211 /* General */ = {
			isa = PBXGroup;
			children = (
				61D115172B70AE5C00F417BC /* PokemonEntity.swift */,
				61D115192B70B8BB00F417BC /* Extensions.swift */,
			);
			path = General;
			sourceTree = "<group>";
		};
		618379562A624C6F00163211 /* Model */ = {
			isa = PBXGroup;
			children = (
				6183796F2A62757900163211 /* PokemonProvider.swift */,
				618379712A627AF100163211 /* DataSourceManager.swift */,
				61D115152B70ACD400F417BC /* PokemonRepository.swift */,
			);
			name = Model;
			sourceTree = "<group>";
		};
		618379572A624C7900163211 /* Modules */ = {
			isa = PBXGroup;
			children = (
				6183796D2A6263CA00163211 /* ListPokemon */,
				618379662A6259A300163211 /* HomePokemon */,
				61D115132B709E0400F417BC /* DetailPokemonViewController.swift */,
			);
			path = Modules;
			sourceTree = "<group>";
		};
		618379662A6259A300163211 /* HomePokemon */ = {
			isa = PBXGroup;
			children = (
				618379642A624EA400163211 /* HomePokemonViewController.swift */,
				618379672A6259C400163211 /* HomePokemonProtocol.swift */,
				618379692A6259D100163211 /* HomePokemonPresenter.swift */,
				6183796B2A6259DE00163211 /* HomePokemonRouter.swift */,
			);
			path = HomePokemon;
			sourceTree = "<group>";
		};
		6183796D2A6263CA00163211 /* ListPokemon */ = {
			isa = PBXGroup;
			children = (
				618379622A624E4500163211 /* ListPokemonViewController.swift */,
				61F84F7F2B71D38100BDBA41 /* ListPokemonView.swift */,
				61F84F812B71D39700BDBA41 /* ListPokemonViewModel.swift */,
				61F84F832B71D75F00BDBA41 /* ListPokemonModel.swift */,
			);
			name = ListPokemon;
			sourceTree = "<group>";
		};
		61F84F882B731D2200BDBA41 /* CoreData */ = {
			isa = PBXGroup;
			children = (
				61F84F892B731D3B00BDBA41 /* CoreDataStack.swift */,
			);
			name = CoreData;
			sourceTree = "<group>";
		};
/* End PBXGroup section */

/* Begin PBXNativeTarget section */
		6183793C2A624B5200163211 /* pokemon */ = {
			isa = PBXNativeTarget;
			buildConfigurationList = 618379512A624B5300163211 /* Build configuration list for PBXNativeTarget "pokemon" */;
			buildPhases = (
				618379392A624B5200163211 /* Sources */,
				6183793A2A624B5200163211 /* Frameworks */,
				6183793B2A624B5200163211 /* Resources */,
			);
			buildRules = (
			);
			dependencies = (
			);
			name = pokemon;
			productName = pokemon;
			productReference = 6183793D2A624B5200163211 /* pokemon.app */;
			productType = "com.apple.product-type.application";
		};
/* End PBXNativeTarget section */

/* Begin PBXProject section */
		618379352A624B5200163211 /* Project object */ = {
			isa = PBXProject;
			attributes = {
				BuildIndependentTargetsInParallel = 1;
				LastSwiftUpdateCheck = 1420;
				LastUpgradeCheck = 1420;
				TargetAttributes = {
					6183793C2A624B5200163211 = {
						CreatedOnToolsVersion = 14.2;
					};
				};
			};
			buildConfigurationList = 618379382A624B5200163211 /* Build configuration list for PBXProject "pokemon" */;
			compatibilityVersion = "Xcode 14.0";
			developmentRegion = en;
			hasScannedForEncodings = 0;
			knownRegions = (
				en,
				Base,
			);
			mainGroup = 618379342A624B5200163211;
			productRefGroup = 6183793E2A624B5200163211 /* Products */;
			projectDirPath = "";
			projectRoot = "";
			targets = (
				6183793C2A624B5200163211 /* pokemon */,
			);
		};
/* End PBXProject section */

/* Begin PBXResourcesBuildPhase section */
		6183793B2A624B5200163211 /* Resources */ = {
			isa = PBXResourcesBuildPhase;
			buildActionMask = 2147483647;
			files = (
				6183795B2A624CCF00163211 /* ScreenPokemon.storyboard in Resources */,
				6183795D2A624E0400163211 /* HomePokemon.storyboard in Resources */,
				618379612A624E2700163211 /* ListPokemons.storyboard in Resources */,
				6183794A2A624B5300163211 /* Images.xcassets in Resources */,
			);
			runOnlyForDeploymentPostprocessing = 0;
		};
/* End PBXResourcesBuildPhase section */

/* Begin PBXSourcesBuildPhase section */
		618379392A624B5200163211 /* Sources */ = {
			isa = PBXSourcesBuildPhase;
			buildActionMask = 2147483647;
			files = (
				618379412A624B5200163211 /* AppDelegate.swift in Sources */,
				618379632A624E4500163211 /* ListPokemonViewController.swift in Sources */,
				61F84F802B71D38100BDBA41 /* ListPokemonView.swift in Sources */,
				61F84F8A2B731D3B00BDBA41 /* CoreDataStack.swift in Sources */,
				618379432A624B5200163211 /* SceneDelegate.swift in Sources */,
				6183796C2A6259DE00163211 /* HomePokemonRouter.swift in Sources */,
				618379702A62757900163211 /* PokemonProvider.swift in Sources */,
				618379722A627AF100163211 /* DataSourceManager.swift in Sources */,
				617596CC2B785EC100D8B5B0 /* PokemonData+CoreDataClass.swift in Sources */,
				61F84F842B71D75F00BDBA41 /* ListPokemonModel.swift in Sources */,
				61F84F822B71D39700BDBA41 /* ListPokemonViewModel.swift in Sources */,
				618379652A624EA400163211 /* HomePokemonViewController.swift in Sources */,
				617596CD2B785EC100D8B5B0 /* PokemonData+CoreDataProperties.swift in Sources */,
				61D115142B709E0400F417BC /* DetailPokemonViewController.swift in Sources */,
				61D1151A2B70B8BB00F417BC /* Extensions.swift in Sources */,
				61D115182B70AE5C00F417BC /* PokemonEntity.swift in Sources */,
				61F84F872B731C8500BDBA41 /* PokemonModel.xcdatamodeld in Sources */,
				618379682A6259C400163211 /* HomePokemonProtocol.swift in Sources */,
				6183796A2A6259D100163211 /* HomePokemonPresenter.swift in Sources */,
				61D115162B70ACD400F417BC /* PokemonRepository.swift in Sources */,
			);
			runOnlyForDeploymentPostprocessing = 0;
		};
/* End PBXSourcesBuildPhase section */

/* Begin XCBuildConfiguration section */
		6183794F2A624B5300163211 /* Debug */ = {
			isa = XCBuildConfiguration;
			buildSettings = {
				ALWAYS_SEARCH_USER_PATHS = NO;
				CLANG_ANALYZER_NONNULL = YES;
				CLANG_ANALYZER_NUMBER_OBJECT_CONVERSION = YES_AGGRESSIVE;
				CLANG_CXX_LANGUAGE_STANDARD = "gnu++20";
				CLANG_ENABLE_MODULES = YES;
				CLANG_ENABLE_OBJC_ARC = YES;
				CLANG_ENABLE_OBJC_WEAK = YES;
				CLANG_WARN_BLOCK_CAPTURE_AUTORELEASING = YES;
				CLANG_WARN_BOOL_CONVERSION = YES;
				CLANG_WARN_COMMA = YES;
				CLANG_WARN_CONSTANT_CONVERSION = YES;
				CLANG_WARN_DEPRECATED_OBJC_IMPLEMENTATIONS = YES;
				CLANG_WARN_DIRECT_OBJC_ISA_USAGE = YES_ERROR;
				CLANG_WARN_DOCUMENTATION_COMMENTS = YES;
				CLANG_WARN_EMPTY_BODY = YES;
				CLANG_WARN_ENUM_CONVERSION = YES;
				CLANG_WARN_INFINITE_RECURSION = YES;
				CLANG_WARN_INT_CONVERSION = YES;
				CLANG_WARN_NON_LITERAL_NULL_CONVERSION = YES;
				CLANG_WARN_OBJC_IMPLICIT_RETAIN_SELF = YES;
				CLANG_WARN_OBJC_LITERAL_CONVERSION = YES;
				CLANG_WARN_OBJC_ROOT_CLASS = YES_ERROR;
				CLANG_WARN_QUOTED_INCLUDE_IN_FRAMEWORK_HEADER = YES;
				CLANG_WARN_RANGE_LOOP_ANALYSIS = YES;
				CLANG_WARN_STRICT_PROTOTYPES = YES;
				CLANG_WARN_SUSPICIOUS_MOVE = YES;
				CLANG_WARN_UNGUARDED_AVAILABILITY = YES_AGGRESSIVE;
				CLANG_WARN_UNREACHABLE_CODE = YES;
				CLANG_WARN__DUPLICATE_METHOD_MATCH = YES;
				COPY_PHASE_STRIP = NO;
				DEBUG_INFORMATION_FORMAT = dwarf;
				ENABLE_STRICT_OBJC_MSGSEND = YES;
				ENABLE_TESTABILITY = YES;
				GCC_C_LANGUAGE_STANDARD = gnu11;
				GCC_DYNAMIC_NO_PIC = NO;
				GCC_NO_COMMON_BLOCKS = YES;
				GCC_OPTIMIZATION_LEVEL = 0;
				GCC_PREPROCESSOR_DEFINITIONS = (
					"DEBUG=1",
					"$(inherited)",
				);
				GCC_WARN_64_TO_32_BIT_CONVERSION = YES;
				GCC_WARN_ABOUT_RETURN_TYPE = YES_ERROR;
				GCC_WARN_UNDECLARED_SELECTOR = YES;
				GCC_WARN_UNINITIALIZED_AUTOS = YES_AGGRESSIVE;
				GCC_WARN_UNUSED_FUNCTION = YES;
				GCC_WARN_UNUSED_VARIABLE = YES;
				IPHONEOS_DEPLOYMENT_TARGET = 16.2;
				MTL_ENABLE_DEBUG_INFO = INCLUDE_SOURCE;
				MTL_FAST_MATH = YES;
				ONLY_ACTIVE_ARCH = YES;
				SDKROOT = iphoneos;
				SWIFT_ACTIVE_COMPILATION_CONDITIONS = DEBUG;
				SWIFT_OPTIMIZATION_LEVEL = "-Onone";
			};
			name = Debug;
		};
		618379502A624B5300163211 /* Release */ = {
			isa = XCBuildConfiguration;
			buildSettings = {
				ALWAYS_SEARCH_USER_PATHS = NO;
				CLANG_ANALYZER_NONNULL = YES;
				CLANG_ANALYZER_NUMBER_OBJECT_CONVERSION = YES_AGGRESSIVE;
				CLANG_CXX_LANGUAGE_STANDARD = "gnu++20";
				CLANG_ENABLE_MODULES = YES;
				CLANG_ENABLE_OBJC_ARC = YES;
				CLANG_ENABLE_OBJC_WEAK = YES;
				CLANG_WARN_BLOCK_CAPTURE_AUTORELEASING = YES;
				CLANG_WARN_BOOL_CONVERSION = YES;
				CLANG_WARN_COMMA = YES;
				CLANG_WARN_CONSTANT_CONVERSION = YES;
				CLANG_WARN_DEPRECATED_OBJC_IMPLEMENTATIONS = YES;
				CLANG_WARN_DIRECT_OBJC_ISA_USAGE = YES_ERROR;
				CLANG_WARN_DOCUMENTATION_COMMENTS = YES;
				CLANG_WARN_EMPTY_BODY = YES;
				CLANG_WARN_ENUM_CONVERSION = YES;
				CLANG_WARN_INFINITE_RECURSION = YES;
				CLANG_WARN_INT_CONVERSION = YES;
				CLANG_WARN_NON_LITERAL_NULL_CONVERSION = YES;
				CLANG_WARN_OBJC_IMPLICIT_RETAIN_SELF = YES;
				CLANG_WARN_OBJC_LITERAL_CONVERSION = YES;
				CLANG_WARN_OBJC_ROOT_CLASS = YES_ERROR;
				CLANG_WARN_QUOTED_INCLUDE_IN_FRAMEWORK_HEADER = YES;
				CLANG_WARN_RANGE_LOOP_ANALYSIS = YES;
				CLANG_WARN_STRICT_PROTOTYPES = YES;
				CLANG_WARN_SUSPICIOUS_MOVE = YES;
				CLANG_WARN_UNGUARDED_AVAILABILITY = YES_AGGRESSIVE;
				CLANG_WARN_UNREACHABLE_CODE = YES;
				CLANG_WARN__DUPLICATE_METHOD_MATCH = YES;
				COPY_PHASE_STRIP = NO;
				DEBUG_INFORMATION_FORMAT = "dwarf-with-dsym";
				ENABLE_NS_ASSERTIONS = NO;
				ENABLE_STRICT_OBJC_MSGSEND = YES;
				GCC_C_LANGUAGE_STANDARD = gnu11;
				GCC_NO_COMMON_BLOCKS = YES;
				GCC_WARN_64_TO_32_BIT_CONVERSION = YES;
				GCC_WARN_ABOUT_RETURN_TYPE = YES_ERROR;
				GCC_WARN_UNDECLARED_SELECTOR = YES;
				GCC_WARN_UNINITIALIZED_AUTOS = YES_AGGRESSIVE;
				GCC_WARN_UNUSED_FUNCTION = YES;
				GCC_WARN_UNUSED_VARIABLE = YES;
				IPHONEOS_DEPLOYMENT_TARGET = 16.2;
				MTL_ENABLE_DEBUG_INFO = NO;
				MTL_FAST_MATH = YES;
				SDKROOT = iphoneos;
				SWIFT_COMPILATION_MODE = wholemodule;
				SWIFT_OPTIMIZATION_LEVEL = "-O";
				VALIDATE_PRODUCT = YES;
			};
			name = Release;
		};
		618379522A624B5300163211 /* Debug */ = {
			isa = XCBuildConfiguration;
			buildSettings = {
				ASSETCATALOG_COMPILER_APPICON_NAME = AppIcon;
				ASSETCATALOG_COMPILER_GLOBAL_ACCENT_COLOR_NAME = AccentColor;
				CODE_SIGN_STYLE = Automatic;
				CURRENT_PROJECT_VERSION = 1;
				DEVELOPMENT_TEAM = DUR8QL52MQ;
				GENERATE_INFOPLIST_FILE = YES;
				INFOPLIST_FILE = pokemon/Info.plist;
				INFOPLIST_KEY_UIApplicationSupportsIndirectInputEvents = YES;
				INFOPLIST_KEY_UILaunchStoryboardName = ScreenPokemon;
				INFOPLIST_KEY_UIMainStoryboardFile = HomePokemon;
				INFOPLIST_KEY_UISupportedInterfaceOrientations_iPad = "UIInterfaceOrientationPortrait UIInterfaceOrientationPortraitUpsideDown UIInterfaceOrientationLandscapeLeft UIInterfaceOrientationLandscapeRight";
				INFOPLIST_KEY_UISupportedInterfaceOrientations_iPhone = "UIInterfaceOrientationPortrait UIInterfaceOrientationLandscapeLeft UIInterfaceOrientationLandscapeRight";
				LD_RUNPATH_SEARCH_PATHS = (
					"$(inherited)",
					"@executable_path/Frameworks",
				);
				MARKETING_VERSION = 1.0;
				PRODUCT_BUNDLE_IDENTIFIER = rodrigo.pokemon;
				PRODUCT_NAME = "$(TARGET_NAME)";
				SWIFT_EMIT_LOC_STRINGS = YES;
				SWIFT_VERSION = 5.0;
				TARGETED_DEVICE_FAMILY = "1,2";
			};
			name = Debug;
		};
		618379532A624B5300163211 /* Release */ = {
			isa = XCBuildConfiguration;
			buildSettings = {
				ASSETCATALOG_COMPILER_APPICON_NAME = AppIcon;
				ASSETCATALOG_COMPILER_GLOBAL_ACCENT_COLOR_NAME = AccentColor;
				CODE_SIGN_STYLE = Automatic;
				CURRENT_PROJECT_VERSION = 1;
				DEVELOPMENT_TEAM = DUR8QL52MQ;
				GENERATE_INFOPLIST_FILE = YES;
				INFOPLIST_FILE = pokemon/Info.plist;
				INFOPLIST_KEY_UIApplicationSupportsIndirectInputEvents = YES;
				INFOPLIST_KEY_UILaunchStoryboardName = ScreenPokemon;
				INFOPLIST_KEY_UIMainStoryboardFile = HomePokemon;
				INFOPLIST_KEY_UISupportedInterfaceOrientations_iPad = "UIInterfaceOrientationPortrait UIInterfaceOrientationPortraitUpsideDown UIInterfaceOrientationLandscapeLeft UIInterfaceOrientationLandscapeRight";
				INFOPLIST_KEY_UISupportedInterfaceOrientations_iPhone = "UIInterfaceOrientationPortrait UIInterfaceOrientationLandscapeLeft UIInterfaceOrientationLandscapeRight";
				LD_RUNPATH_SEARCH_PATHS = (
					"$(inherited)",
					"@executable_path/Frameworks",
				);
				MARKETING_VERSION = 1.0;
				PRODUCT_BUNDLE_IDENTIFIER = rodrigo.pokemon;
				PRODUCT_NAME = "$(TARGET_NAME)";
				SWIFT_EMIT_LOC_STRINGS = YES;
				SWIFT_VERSION = 5.0;
				TARGETED_DEVICE_FAMILY = "1,2";
			};
			name = Release;
		};
/* End XCBuildConfiguration section */

/* Begin XCConfigurationList section */
		618379382A624B5200163211 /* Build configuration list for PBXProject "pokemon" */ = {
			isa = XCConfigurationList;
			buildConfigurations = (
				6183794F2A624B5300163211 /* Debug */,
				618379502A624B5300163211 /* Release */,
			);
			defaultConfigurationIsVisible = 0;
			defaultConfigurationName = Release;
		};
		618379512A624B5300163211 /* Build configuration list for PBXNativeTarget "pokemon" */ = {
			isa = XCConfigurationList;
			buildConfigurations = (
				618379522A624B5300163211 /* Debug */,
				618379532A624B5300163211 /* Release */,
			);
			defaultConfigurationIsVisible = 0;
			defaultConfigurationName = Release;
		};
/* End XCConfigurationList section */

/* Begin XCVersionGroup section */
		61F84F852B731C8500BDBA41 /* PokemonModel.xcdatamodeld */ = {
			isa = XCVersionGroup;
			children = (
				61F84F862B731C8500BDBA41 /* PokemonModel.xcdatamodel */,
			);
			currentVersion = 61F84F862B731C8500BDBA41 /* PokemonModel.xcdatamodel */;
			path = PokemonModel.xcdatamodeld;
			sourceTree = "<group>";
			versionGroupType = wrapper.xcdatamodel;
		};
/* End XCVersionGroup section */
	};
	rootObject = 618379352A624B5200163211 /* Project object */;
}
